{
    "_meta": {
        "hash": {
            "sha256": "0275261dab0b6ed7e6a60da6cf636338092f0d817f02c9abd49dffd7eb83ded1"
        },
        "pipfile-spec": 6,
        "requires": {
            "python_version": "3.8"
        },
        "sources": [
            {
                "name": "pypi",
                "url": "https://pypi.python.org/simple",
                "verify_ssl": true
            }
        ]
    },
    "default": {
        "rethinkdb": {
            "hashes": [
                "sha256:755f08f717535a55c05128f6be6c28248fa9aff2678a7816aab87e1f9f5815c1",
                "sha256:dd2455b3eab5266d8006eeefeb5eb970a3697dfe6aa18e1ab6e1d99233badfcb"
            ],
            "index": "pypi",
            "version": "==2.4.9"
        },
        "six": {
            "hashes": [
                "sha256:1e61c37477a1626458e36f7b1d82aa5c9b094fa4802892072e49de9c60c4c926",
                "sha256:8abb2f1d86890a2dfb989f9a77cfcfd3e47c2a354b01111771326f8aa26e0254"
            ],
            "version": "==1.16.0"
        }
    },
    "develop": {}
}
